{
  "nodes": {
    "nixpkgs": {
      "locked": {
        "lastModified": 1675763311,
        "narHash": "sha256-bz0Q2H3mxsF1CUfk26Sl9Uzi8/HFjGFD/moZHz1HebU=",
        "owner": "NixOS",
        "repo": "nixpkgs",
        "rev": "fab09085df1b60d6a0870c8a89ce26d5a4a708c2",
        "type": "github"
      },
      "original": {
        "owner": "NixOS",
        "ref": "nixos-unstable",
        "repo": "nixpkgs",
        "type": "github"
      }
    },
    "root": {
      "inputs": {
        "nixpkgs": "nixpkgs",
        "stable-diffusion-repo": "stable-diffusion-repo"
      }
    },
    "stable-diffusion-repo": {
      "flake": false,
      "locked": {
        "lastModified": 1661187475,
        "narHash": "sha256-3YkSUATD/73nJFm4os3ZyNU8koabGB/6iR0XbTUQmVY=",
        "owner": "CompVis",
        "repo": "stable-diffusion",
        "rev": "69ae4b35e0a0f6ee1af8bb9a5d0016ccb27e36dc",
        "type": "github"
      },
      "original": {
        "owner": "CompVis",
        "repo": "stable-diffusion",
        "rev": "69ae4b35e0a0f6ee1af8bb9a5d0016ccb27e36dc",
        "type": "github"
      }
    }
  },
  "root": "root",
  "version": 7
}
